
Microsoft Visual Studio Solution File, Format Version 12.00
# Visual Studio 15
Project("{FAE04EC0-301F-11D3-BF4B-00C04F79EFBC}") = "PanCardView", "PanCardView.csproj", "{662BF768-43C5-4A71-8F1E-7FA54DD6157A}"
EndProject
Global
	GlobalSection(SolutionConfigurationPlatforms) = preSolution
		Debug|Any CPU = Debug|Any CPU
		Release|Any CPU = Release|Any CPU
	EndGlobalSection
	GlobalSection(ProjectConfigurationPlatforms) = postSolution
		{662BF768-43C5-4A71-8F1E-7FA54DD6157A}.Debug|Any CPU.ActiveCfg = Debug|Any CPU
		{662BF768-43C5-4A71-8F1E-7FA54DD6157A}.Debug|Any CPU.Build.0 = Debug|Any CPU
		{662BF768-43C5-4A71-8F1E-7FA54DD6157A}.Release|Any CPU.ActiveCfg = Release|Any CPU
		{662BF768-43C5-4A71-8F1E-7FA54DD6157A}.Release|Any CPU.Build.0 = Release|Any CPU
	EndGlobalSection
EndGlobal
