Microsoft Visual Studio Solution File, Format Version 12.00
# Visual Studio Version 16
VisualStudioVersion = 16.0.30114.105
MinimumVisualStudioVersion = 10.0.40219.1
Project("{9A19103F-16F7-4668-BE54-9A1E7A4F7556}") = "PanCardViewSample", "PanCardViewSample\PanCardViewSample.csproj", "{38EB6700-89D2-4DB8-978E-20AFEF8766A9}"
EndProject
Project("{FAE04EC0-301F-11D3-BF4B-00C04F79EFBC}") = "PanCardViewSample.iOS", "iOS\PanCardViewSample.iOS.csproj", "{FF9DDA8B-0FDD-48BC-8B8D-E1A2CE4F1F60}"
EndProject
Project("{9A19103F-16F7-4668-BE54-9A1E7A4F7556}") = "PanCardView", "..\PanCardView\PanCardView.csproj", "{662BF768-43C5-4A71-8F1E-7FA54DD6157A}"
EndProject
Project("{FAE04EC0-301F-11D3-BF4B-00C04F79EFBC}") = "PanCardViewSample.UWP", "UWP\PanCardViewSample.UWP.csproj", "{36DB8471-585A-479E-B232-F258DF93DD8C}"
EndProject
Project("{FAE04EC0-301F-11D3-BF4B-00C04F79EFBC}") = "PanCardViewSample.MacOS", "MacOS\PanCardViewSample.MacOS.csproj", "{5B661715-3851-4F6E-9C4B-9E308AF2B5C3}"
EndProject
Project("{FAE04EC0-301F-11D3-BF4B-00C04F79EFBC}") = "PanCardViewSample.Gtk", "Gtk\PanCardViewSample.Gtk.csproj", "{88EA9AEA-D833-47D2-9B27-38991F20F5EE}"
EndProject
Project("{9A19103F-16F7-4668-BE54-9A1E7A4F7556}") = "PanCardViewSample.Tizen", "Tizen\PanCardViewSample.Tizen.csproj", "{2180A0B2-D5D9-442C-B968-7E03F0AB3853}"
EndProject
Project("{9A19103F-16F7-4668-BE54-9A1E7A4F7556}") = "PanCardView.Tizen", "..\PanCardView.Tizen\PanCardView.Tizen.csproj", "{4DE477BB-C621-4DE4-AD6E-DF73DB28FA62}"
EndProject
Project("{FAE04EC0-301F-11D3-BF4B-00C04F79EFBC}") = "PanCardView.Droid", "..\PanCardView.Droid\PanCardView.Droid.csproj", "{F6F8189B-8044-4D3A-85B6-B8537C38C6EB}"
EndProject
Project("{FAE04EC0-301F-11D3-BF4B-00C04F79EFBC}") = "PanCardViewSample.Droid", "Droid\PanCardViewSample.Droid.csproj", "{5BB07E0A-CA38-4E3F-8567-1B0EC6E4F3AE}"
EndProject
Project("{FAE04EC0-301F-11D3-BF4B-00C04F79EFBC}") = "PanCardView.iOS", "..\PanCardView.iOS\PanCardView.iOS.csproj", "{8D8B85B4-6F23-49B6-A188-91BBBBF51EF6}"
EndProject
Global
	GlobalSection(SolutionConfigurationPlatforms) = preSolution
		Debug|Any CPU = Debug|Any CPU
		Debug|ARM = Debug|ARM
		Debug|iPhone = Debug|iPhone
		Debug|iPhoneSimulator = Debug|iPhoneSimulator
		Debug|x64 = Debug|x64
		Debug|x86 = Debug|x86
		Release|Any CPU = Release|Any CPU
		Release|ARM = Release|ARM
		Release|iPhone = Release|iPhone
		Release|iPhoneSimulator = Release|iPhoneSimulator
		Release|x64 = Release|x64
		Release|x86 = Release|x86
	EndGlobalSection
	GlobalSection(ProjectConfigurationPlatforms) = postSolution
		{38EB6700-89D2-4DB8-978E-20AFEF8766A9}.Debug|Any CPU.ActiveCfg = Debug|Any CPU
		{38EB6700-89D2-4DB8-978E-20AFEF8766A9}.Debug|Any CPU.Build.0 = Debug|Any CPU
		{38EB6700-89D2-4DB8-978E-20AFEF8766A9}.Debug|ARM.ActiveCfg = Debug|Any CPU
		{38EB6700-89D2-4DB8-978E-20AFEF8766A9}.Debug|ARM.Build.0 = Debug|Any CPU
		{38EB6700-89D2-4DB8-978E-20AFEF8766A9}.Debug|iPhone.ActiveCfg = Debug|Any CPU
		{38EB6700-89D2-4DB8-978E-20AFEF8766A9}.Debug|iPhone.Build.0 = Debug|Any CPU
		{38EB6700-89D2-4DB8-978E-20AFEF8766A9}.Debug|iPhoneSimulator.ActiveCfg = Debug|Any CPU
		{38EB6700-89D2-4DB8-978E-20AFEF8766A9}.Debug|iPhoneSimulator.Build.0 = Debug|Any CPU
		{38EB6700-89D2-4DB8-978E-20AFEF8766A9}.Debug|x64.ActiveCfg = Debug|Any CPU
		{38EB6700-89D2-4DB8-978E-20AFEF8766A9}.Debug|x64.Build.0 = Debug|Any CPU
		{38EB6700-89D2-4DB8-978E-20AFEF8766A9}.Debug|x86.ActiveCfg = Debug|Any CPU
		{38EB6700-89D2-4DB8-978E-20AFEF8766A9}.Debug|x86.Build.0 = Debug|Any CPU
		{38EB6700-89D2-4DB8-978E-20AFEF8766A9}.Release|Any CPU.ActiveCfg = Release|Any CPU
		{38EB6700-89D2-4DB8-978E-20AFEF8766A9}.Release|Any CPU.Build.0 = Release|Any CPU
		{38EB6700-89D2-4DB8-978E-20AFEF8766A9}.Release|ARM.ActiveCfg = Release|Any CPU
		{38EB6700-89D2-4DB8-978E-20AFEF8766A9}.Release|ARM.Build.0 = Release|Any CPU
		{38EB6700-89D2-4DB8-978E-20AFEF8766A9}.Release|iPhone.ActiveCfg = Release|Any CPU
		{38EB6700-89D2-4DB8-978E-20AFEF8766A9}.Release|iPhone.Build.0 = Release|Any CPU
		{38EB6700-89D2-4DB8-978E-20AFEF8766A9}.Release|iPhoneSimulator.ActiveCfg = Release|Any CPU
		{38EB6700-89D2-4DB8-978E-20AFEF8766A9}.Release|iPhoneSimulator.Build.0 = Release|Any CPU
		{38EB6700-89D2-4DB8-978E-20AFEF8766A9}.Release|x64.ActiveCfg = Release|Any CPU
		{38EB6700-89D2-4DB8-978E-20AFEF8766A9}.Release|x64.Build.0 = Release|Any CPU
		{38EB6700-89D2-4DB8-978E-20AFEF8766A9}.Release|x86.ActiveCfg = Release|Any CPU
		{38EB6700-89D2-4DB8-978E-20AFEF8766A9}.Release|x86.Build.0 = Release|Any CPU
		{FF9DDA8B-0FDD-48BC-8B8D-E1A2CE4F1F60}.Debug|Any CPU.ActiveCfg = Debug|iPhoneSimulator
		{FF9DDA8B-0FDD-48BC-8B8D-E1A2CE4F1F60}.Debug|Any CPU.Build.0 = Debug|iPhoneSimulator
		{FF9DDA8B-0FDD-48BC-8B8D-E1A2CE4F1F60}.Debug|ARM.ActiveCfg = Debug|iPhone
		{FF9DDA8B-0FDD-48BC-8B8D-E1A2CE4F1F60}.Debug|iPhone.ActiveCfg = Debug|iPhone
		{FF9DDA8B-0FDD-48BC-8B8D-E1A2CE4F1F60}.Debug|iPhone.Build.0 = Debug|iPhone
		{FF9DDA8B-0FDD-48BC-8B8D-E1A2CE4F1F60}.Debug|iPhoneSimulator.ActiveCfg = Debug|iPhoneSimulator
		{FF9DDA8B-0FDD-48BC-8B8D-E1A2CE4F1F60}.Debug|iPhoneSimulator.Build.0 = Debug|iPhoneSimulator
		{FF9DDA8B-0FDD-48BC-8B8D-E1A2CE4F1F60}.Debug|x64.ActiveCfg = Debug|iPhone
		{FF9DDA8B-0FDD-48BC-8B8D-E1A2CE4F1F60}.Debug|x86.ActiveCfg = Debug|iPhone
		{FF9DDA8B-0FDD-48BC-8B8D-E1A2CE4F1F60}.Release|Any CPU.ActiveCfg = Release|iPhone
		{FF9DDA8B-0FDD-48BC-8B8D-E1A2CE4F1F60}.Release|Any CPU.Build.0 = Release|iPhone
		{FF9DDA8B-0FDD-48BC-8B8D-E1A2CE4F1F60}.Release|ARM.ActiveCfg = Release|iPhoneSimulator
		{FF9DDA8B-0FDD-48BC-8B8D-E1A2CE4F1F60}.Release|iPhone.ActiveCfg = Release|iPhone
		{FF9DDA8B-0FDD-48BC-8B8D-E1A2CE4F1F60}.Release|iPhone.Build.0 = Release|iPhone
		{FF9DDA8B-0FDD-48BC-8B8D-E1A2CE4F1F60}.Release|iPhoneSimulator.ActiveCfg = Release|iPhoneSimulator
		{FF9DDA8B-0FDD-48BC-8B8D-E1A2CE4F1F60}.Release|iPhoneSimulator.Build.0 = Release|iPhoneSimulator
		{FF9DDA8B-0FDD-48BC-8B8D-E1A2CE4F1F60}.Release|x64.ActiveCfg = Release|iPhoneSimulator
		{FF9DDA8B-0FDD-48BC-8B8D-E1A2CE4F1F60}.Release|x86.ActiveCfg = Release|iPhoneSimulator
		{662BF768-43C5-4A71-8F1E-7FA54DD6157A}.Debug|Any CPU.ActiveCfg = Debug|Any CPU
		{662BF768-43C5-4A71-8F1E-7FA54DD6157A}.Debug|Any CPU.Build.0 = Debug|Any CPU
		{662BF768-43C5-4A71-8F1E-7FA54DD6157A}.Debug|ARM.ActiveCfg = Debug|Any CPU
		{662BF768-43C5-4A71-8F1E-7FA54DD6157A}.Debug|ARM.Build.0 = Debug|Any CPU
		{662BF768-43C5-4A71-8F1E-7FA54DD6157A}.Debug|iPhone.ActiveCfg = Debug|Any CPU
		{662BF768-43C5-4A71-8F1E-7FA54DD6157A}.Debug|iPhone.Build.0 = Debug|Any CPU
		{662BF768-43C5-4A71-8F1E-7FA54DD6157A}.Debug|iPhoneSimulator.ActiveCfg = Debug|Any CPU
		{662BF768-43C5-4A71-8F1E-7FA54DD6157A}.Debug|iPhoneSimulator.Build.0 = Debug|Any CPU
		{662BF768-43C5-4A71-8F1E-7FA54DD6157A}.Debug|x64.ActiveCfg = Debug|Any CPU
		{662BF768-43C5-4A71-8F1E-7FA54DD6157A}.Debug|x64.Build.0 = Debug|Any CPU
		{662BF768-43C5-4A71-8F1E-7FA54DD6157A}.Debug|x86.ActiveCfg = Debug|Any CPU
		{662BF768-43C5-4A71-8F1E-7FA54DD6157A}.Debug|x86.Build.0 = Debug|Any CPU
		{662BF768-43C5-4A71-8F1E-7FA54DD6157A}.Release|Any CPU.ActiveCfg = Release|Any CPU
		{662BF768-43C5-4A71-8F1E-7FA54DD6157A}.Release|Any CPU.Build.0 = Release|Any CPU
		{662BF768-43C5-4A71-8F1E-7FA54DD6157A}.Release|ARM.ActiveCfg = Release|Any CPU
		{662BF768-43C5-4A71-8F1E-7FA54DD6157A}.Release|ARM.Build.0 = Release|Any CPU
		{662BF768-43C5-4A71-8F1E-7FA54DD6157A}.Release|iPhone.ActiveCfg = Release|Any CPU
		{662BF768-43C5-4A71-8F1E-7FA54DD6157A}.Release|iPhone.Build.0 = Release|Any CPU
		{662BF768-43C5-4A71-8F1E-7FA54DD6157A}.Release|iPhoneSimulator.ActiveCfg = Release|Any CPU
		{662BF768-43C5-4A71-8F1E-7FA54DD6157A}.Release|iPhoneSimulator.Build.0 = Release|Any CPU
		{662BF768-43C5-4A71-8F1E-7FA54DD6157A}.Release|x64.ActiveCfg = Release|Any CPU
		{662BF768-43C5-4A71-8F1E-7FA54DD6157A}.Release|x64.Build.0 = Release|Any CPU
		{662BF768-43C5-4A71-8F1E-7FA54DD6157A}.Release|x86.ActiveCfg = Release|Any CPU
		{662BF768-43C5-4A71-8F1E-7FA54DD6157A}.Release|x86.Build.0 = Release|Any CPU
		{36DB8471-585A-479E-B232-F258DF93DD8C}.Debug|Any CPU.ActiveCfg = Debug|x64
		{36DB8471-585A-479E-B232-F258DF93DD8C}.Debug|Any CPU.Build.0 = Debug|x64
		{36DB8471-585A-479E-B232-F258DF93DD8C}.Debug|Any CPU.Deploy.0 = Debug|x64
		{36DB8471-585A-479E-B232-F258DF93DD8C}.Debug|ARM.ActiveCfg = Debug|ARM
		{36DB8471-585A-479E-B232-F258DF93DD8C}.Debug|ARM.Build.0 = Debug|ARM
		{36DB8471-585A-479E-B232-F258DF93DD8C}.Debug|ARM.Deploy.0 = Debug|ARM
		{36DB8471-585A-479E-B232-F258DF93DD8C}.Debug|iPhone.ActiveCfg = Debug|x86
		{36DB8471-585A-479E-B232-F258DF93DD8C}.Debug|iPhoneSimulator.ActiveCfg = Debug|x86
		{36DB8471-585A-479E-B232-F258DF93DD8C}.Debug|x64.ActiveCfg = Debug|x64
		{36DB8471-585A-479E-B232-F258DF93DD8C}.Debug|x64.Build.0 = Debug|x64
		{36DB8471-585A-479E-B232-F258DF93DD8C}.Debug|x64.Deploy.0 = Debug|x64
		{36DB8471-585A-479E-B232-F258DF93DD8C}.Debug|x86.ActiveCfg = Debug|x86
		{36DB8471-585A-479E-B232-F258DF93DD8C}.Debug|x86.Build.0 = Debug|x86
		{36DB8471-585A-479E-B232-F258DF93DD8C}.Debug|x86.Deploy.0 = Debug|x86
		{36DB8471-585A-479E-B232-F258DF93DD8C}.Release|Any CPU.ActiveCfg = Release|x86
		{36DB8471-585A-479E-B232-F258DF93DD8C}.Release|ARM.ActiveCfg = Release|ARM
		{36DB8471-585A-479E-B232-F258DF93DD8C}.Release|ARM.Build.0 = Release|ARM
		{36DB8471-585A-479E-B232-F258DF93DD8C}.Release|ARM.Deploy.0 = Release|ARM
		{36DB8471-585A-479E-B232-F258DF93DD8C}.Release|iPhone.ActiveCfg = Release|x86
		{36DB8471-585A-479E-B232-F258DF93DD8C}.Release|iPhoneSimulator.ActiveCfg = Release|x86
		{36DB8471-585A-479E-B232-F258DF93DD8C}.Release|x64.ActiveCfg = Release|x64
		{36DB8471-585A-479E-B232-F258DF93DD8C}.Release|x64.Build.0 = Release|x64
		{36DB8471-585A-479E-B232-F258DF93DD8C}.Release|x64.Deploy.0 = Release|x64
		{36DB8471-585A-479E-B232-F258DF93DD8C}.Release|x86.ActiveCfg = Release|x86
		{36DB8471-585A-479E-B232-F258DF93DD8C}.Release|x86.Build.0 = Release|x86
		{36DB8471-585A-479E-B232-F258DF93DD8C}.Release|x86.Deploy.0 = Release|x86
		{5B661715-3851-4F6E-9C4B-9E308AF2B5C3}.Debug|Any CPU.ActiveCfg = Debug|Any CPU
		{5B661715-3851-4F6E-9C4B-9E308AF2B5C3}.Debug|Any CPU.Build.0 = Debug|Any CPU
		{5B661715-3851-4F6E-9C4B-9E308AF2B5C3}.Debug|ARM.ActiveCfg = Debug|Any CPU
		{5B661715-3851-4F6E-9C4B-9E308AF2B5C3}.Debug|ARM.Build.0 = Debug|Any CPU
		{5B661715-3851-4F6E-9C4B-9E308AF2B5C3}.Debug|iPhone.ActiveCfg = Debug|Any CPU
		{5B661715-3851-4F6E-9C4B-9E308AF2B5C3}.Debug|iPhone.Build.0 = Debug|Any CPU
		{5B661715-3851-4F6E-9C4B-9E308AF2B5C3}.Debug|iPhoneSimulator.ActiveCfg = Debug|Any CPU
		{5B661715-3851-4F6E-9C4B-9E308AF2B5C3}.Debug|iPhoneSimulator.Build.0 = Debug|Any CPU
		{5B661715-3851-4F6E-9C4B-9E308AF2B5C3}.Debug|x64.ActiveCfg = Debug|Any CPU
		{5B661715-3851-4F6E-9C4B-9E308AF2B5C3}.Debug|x64.Build.0 = Debug|Any CPU
		{5B661715-3851-4F6E-9C4B-9E308AF2B5C3}.Debug|x86.ActiveCfg = Debug|Any CPU
		{5B661715-3851-4F6E-9C4B-9E308AF2B5C3}.Debug|x86.Build.0 = Debug|Any CPU
		{5B661715-3851-4F6E-9C4B-9E308AF2B5C3}.Release|Any CPU.ActiveCfg = Release|Any CPU
		{5B661715-3851-4F6E-9C4B-9E308AF2B5C3}.Release|Any CPU.Build.0 = Release|Any CPU
		{5B661715-3851-4F6E-9C4B-9E308AF2B5C3}.Release|ARM.ActiveCfg = Release|Any CPU
		{5B661715-3851-4F6E-9C4B-9E308AF2B5C3}.Release|ARM.Build.0 = Release|Any CPU
		{5B661715-3851-4F6E-9C4B-9E308AF2B5C3}.Release|iPhone.ActiveCfg = Release|Any CPU
		{5B661715-3851-4F6E-9C4B-9E308AF2B5C3}.Release|iPhone.Build.0 = Release|Any CPU
		{5B661715-3851-4F6E-9C4B-9E308AF2B5C3}.Release|iPhoneSimulator.ActiveCfg = Release|Any CPU
		{5B661715-3851-4F6E-9C4B-9E308AF2B5C3}.Release|iPhoneSimulator.Build.0 = Release|Any CPU
		{5B661715-3851-4F6E-9C4B-9E308AF2B5C3}.Release|x64.ActiveCfg = Release|Any CPU
		{5B661715-3851-4F6E-9C4B-9E308AF2B5C3}.Release|x64.Build.0 = Release|Any CPU
		{5B661715-3851-4F6E-9C4B-9E308AF2B5C3}.Release|x86.ActiveCfg = Release|Any CPU
		{5B661715-3851-4F6E-9C4B-9E308AF2B5C3}.Release|x86.Build.0 = Release|Any CPU
		{88EA9AEA-D833-47D2-9B27-38991F20F5EE}.Debug|Any CPU.ActiveCfg = Debug|Any CPU
		{88EA9AEA-D833-47D2-9B27-38991F20F5EE}.Debug|Any CPU.Build.0 = Debug|Any CPU
		{88EA9AEA-D833-47D2-9B27-38991F20F5EE}.Debug|ARM.ActiveCfg = Debug|Any CPU
		{88EA9AEA-D833-47D2-9B27-38991F20F5EE}.Debug|ARM.Build.0 = Debug|Any CPU
		{88EA9AEA-D833-47D2-9B27-38991F20F5EE}.Debug|iPhone.ActiveCfg = Debug|Any CPU
		{88EA9AEA-D833-47D2-9B27-38991F20F5EE}.Debug|iPhone.Build.0 = Debug|Any CPU
		{88EA9AEA-D833-47D2-9B27-38991F20F5EE}.Debug|iPhoneSimulator.ActiveCfg = Debug|Any CPU
		{88EA9AEA-D833-47D2-9B27-38991F20F5EE}.Debug|iPhoneSimulator.Build.0 = Debug|Any CPU
		{88EA9AEA-D833-47D2-9B27-38991F20F5EE}.Debug|x64.ActiveCfg = Debug|Any CPU
		{88EA9AEA-D833-47D2-9B27-38991F20F5EE}.Debug|x64.Build.0 = Debug|Any CPU
		{88EA9AEA-D833-47D2-9B27-38991F20F5EE}.Debug|x86.ActiveCfg = Debug|Any CPU
		{88EA9AEA-D833-47D2-9B27-38991F20F5EE}.Debug|x86.Build.0 = Debug|Any CPU
		{88EA9AEA-D833-47D2-9B27-38991F20F5EE}.Release|Any CPU.ActiveCfg = Release|Any CPU
		{88EA9AEA-D833-47D2-9B27-38991F20F5EE}.Release|Any CPU.Build.0 = Release|Any CPU
		{88EA9AEA-D833-47D2-9B27-38991F20F5EE}.Release|ARM.ActiveCfg = Release|Any CPU
		{88EA9AEA-D833-47D2-9B27-38991F20F5EE}.Release|ARM.Build.0 = Release|Any CPU
		{88EA9AEA-D833-47D2-9B27-38991F20F5EE}.Release|iPhone.ActiveCfg = Release|Any CPU
		{88EA9AEA-D833-47D2-9B27-38991F20F5EE}.Release|iPhone.Build.0 = Release|Any CPU
		{88EA9AEA-D833-47D2-9B27-38991F20F5EE}.Release|iPhoneSimulator.ActiveCfg = Release|Any CPU
		{88EA9AEA-D833-47D2-9B27-38991F20F5EE}.Release|iPhoneSimulator.Build.0 = Release|Any CPU
		{88EA9AEA-D833-47D2-9B27-38991F20F5EE}.Release|x64.ActiveCfg = Release|Any CPU
		{88EA9AEA-D833-47D2-9B27-38991F20F5EE}.Release|x64.Build.0 = Release|Any CPU
		{88EA9AEA-D833-47D2-9B27-38991F20F5EE}.Release|x86.ActiveCfg = Release|Any CPU
		{88EA9AEA-D833-47D2-9B27-38991F20F5EE}.Release|x86.Build.0 = Release|Any CPU
		{2180A0B2-D5D9-442C-B968-7E03F0AB3853}.Debug|Any CPU.ActiveCfg = Debug|Any CPU
		{2180A0B2-D5D9-442C-B968-7E03F0AB3853}.Debug|Any CPU.Build.0 = Debug|Any CPU
		{2180A0B2-D5D9-442C-B968-7E03F0AB3853}.Debug|ARM.ActiveCfg = Debug|Any CPU
		{2180A0B2-D5D9-442C-B968-7E03F0AB3853}.Debug|ARM.Build.0 = Debug|Any CPU
		{2180A0B2-D5D9-442C-B968-7E03F0AB3853}.Debug|iPhone.ActiveCfg = Debug|Any CPU
		{2180A0B2-D5D9-442C-B968-7E03F0AB3853}.Debug|iPhone.Build.0 = Debug|Any CPU
		{2180A0B2-D5D9-442C-B968-7E03F0AB3853}.Debug|iPhoneSimulator.ActiveCfg = Debug|Any CPU
		{2180A0B2-D5D9-442C-B968-7E03F0AB3853}.Debug|iPhoneSimulator.Build.0 = Debug|Any CPU
		{2180A0B2-D5D9-442C-B968-7E03F0AB3853}.Debug|x64.ActiveCfg = Debug|Any CPU
		{2180A0B2-D5D9-442C-B968-7E03F0AB3853}.Debug|x64.Build.0 = Debug|Any CPU
		{2180A0B2-D5D9-442C-B968-7E03F0AB3853}.Debug|x86.ActiveCfg = Debug|Any CPU
		{2180A0B2-D5D9-442C-B968-7E03F0AB3853}.Debug|x86.Build.0 = Debug|Any CPU
		{2180A0B2-D5D9-442C-B968-7E03F0AB3853}.Release|Any CPU.ActiveCfg = Release|Any CPU
		{2180A0B2-D5D9-442C-B968-7E03F0AB3853}.Release|Any CPU.Build.0 = Release|Any CPU
		{2180A0B2-D5D9-442C-B968-7E03F0AB3853}.Release|ARM.ActiveCfg = Release|Any CPU
		{2180A0B2-D5D9-442C-B968-7E03F0AB3853}.Release|ARM.Build.0 = Release|Any CPU
		{2180A0B2-D5D9-442C-B968-7E03F0AB3853}.Release|iPhone.ActiveCfg = Release|Any CPU
		{2180A0B2-D5D9-442C-B968-7E03F0AB3853}.Release|iPhone.Build.0 = Release|Any CPU
		{2180A0B2-D5D9-442C-B968-7E03F0AB3853}.Release|iPhoneSimulator.ActiveCfg = Release|Any CPU
		{2180A0B2-D5D9-442C-B968-7E03F0AB3853}.Release|iPhoneSimulator.Build.0 = Release|Any CPU
		{2180A0B2-D5D9-442C-B968-7E03F0AB3853}.Release|x64.ActiveCfg = Release|Any CPU
		{2180A0B2-D5D9-442C-B968-7E03F0AB3853}.Release|x64.Build.0 = Release|Any CPU
		{2180A0B2-D5D9-442C-B968-7E03F0AB3853}.Release|x86.ActiveCfg = Release|Any CPU
		{2180A0B2-D5D9-442C-B968-7E03F0AB3853}.Release|x86.Build.0 = Release|Any CPU
		{4DE477BB-C621-4DE4-AD6E-DF73DB28FA62}.Debug|Any CPU.ActiveCfg = Debug|Any CPU
		{4DE477BB-C621-4DE4-AD6E-DF73DB28FA62}.Debug|Any CPU.Build.0 = Debug|Any CPU
		{4DE477BB-C621-4DE4-AD6E-DF73DB28FA62}.Debug|ARM.ActiveCfg = Debug|Any CPU
		{4DE477BB-C621-4DE4-AD6E-DF73DB28FA62}.Debug|ARM.Build.0 = Debug|Any CPU
		{4DE477BB-C621-4DE4-AD6E-DF73DB28FA62}.Debug|iPhone.ActiveCfg = Debug|Any CPU
		{4DE477BB-C621-4DE4-AD6E-DF73DB28FA62}.Debug|iPhone.Build.0 = Debug|Any CPU
		{4DE477BB-C621-4DE4-AD6E-DF73DB28FA62}.Debug|iPhoneSimulator.ActiveCfg = Debug|Any CPU
		{4DE477BB-C621-4DE4-AD6E-DF73DB28FA62}.Debug|iPhoneSimulator.Build.0 = Debug|Any CPU
		{4DE477BB-C621-4DE4-AD6E-DF73DB28FA62}.Debug|x64.ActiveCfg = Debug|Any CPU
		{4DE477BB-C621-4DE4-AD6E-DF73DB28FA62}.Debug|x64.Build.0 = Debug|Any CPU
		{4DE477BB-C621-4DE4-AD6E-DF73DB28FA62}.Debug|x86.ActiveCfg = Debug|Any CPU
		{4DE477BB-C621-4DE4-AD6E-DF73DB28FA62}.Debug|x86.Build.0 = Debug|Any CPU
		{4DE477BB-C621-4DE4-AD6E-DF73DB28FA62}.Release|Any CPU.ActiveCfg = Release|Any CPU
		{4DE477BB-C621-4DE4-AD6E-DF73DB28FA62}.Release|Any CPU.Build.0 = Release|Any CPU
		{4DE477BB-C621-4DE4-AD6E-DF73DB28FA62}.Release|ARM.ActiveCfg = Release|Any CPU
		{4DE477BB-C621-4DE4-AD6E-DF73DB28FA62}.Release|ARM.Build.0 = Release|Any CPU
		{4DE477BB-C621-4DE4-AD6E-DF73DB28FA62}.Release|iPhone.ActiveCfg = Release|Any CPU
		{4DE477BB-C621-4DE4-AD6E-DF73DB28FA62}.Release|iPhone.Build.0 = Release|Any CPU
		{4DE477BB-C621-4DE4-AD6E-DF73DB28FA62}.Release|iPhoneSimulator.ActiveCfg = Release|Any CPU
		{4DE477BB-C621-4DE4-AD6E-DF73DB28FA62}.Release|iPhoneSimulator.Build.0 = Release|Any CPU
		{4DE477BB-C621-4DE4-AD6E-DF73DB28FA62}.Release|x64.ActiveCfg = Release|Any CPU
		{4DE477BB-C621-4DE4-AD6E-DF73DB28FA62}.Release|x64.Build.0 = Release|Any CPU
		{4DE477BB-C621-4DE4-AD6E-DF73DB28FA62}.Release|x86.ActiveCfg = Release|Any CPU
		{4DE477BB-C621-4DE4-AD6E-DF73DB28FA62}.Release|x86.Build.0 = Release|Any CPU
		{F6F8189B-8044-4D3A-85B6-B8537C38C6EB}.Debug|Any CPU.ActiveCfg = Debug|Any CPU
		{F6F8189B-8044-4D3A-85B6-B8537C38C6EB}.Debug|Any CPU.Build.0 = Debug|Any CPU
		{F6F8189B-8044-4D3A-85B6-B8537C38C6EB}.Debug|ARM.ActiveCfg = Debug|Any CPU
		{F6F8189B-8044-4D3A-85B6-B8537C38C6EB}.Debug|ARM.Build.0 = Debug|Any CPU
		{F6F8189B-8044-4D3A-85B6-B8537C38C6EB}.Debug|iPhone.ActiveCfg = Debug|Any CPU
		{F6F8189B-8044-4D3A-85B6-B8537C38C6EB}.Debug|iPhone.Build.0 = Debug|Any CPU
		{F6F8189B-8044-4D3A-85B6-B8537C38C6EB}.Debug|iPhoneSimulator.ActiveCfg = Debug|Any CPU
		{F6F8189B-8044-4D3A-85B6-B8537C38C6EB}.Debug|iPhoneSimulator.Build.0 = Debug|Any CPU
		{F6F8189B-8044-4D3A-85B6-B8537C38C6EB}.Debug|x64.ActiveCfg = Debug|Any CPU
		{F6F8189B-8044-4D3A-85B6-B8537C38C6EB}.Debug|x64.Build.0 = Debug|Any CPU
		{F6F8189B-8044-4D3A-85B6-B8537C38C6EB}.Debug|x86.ActiveCfg = Debug|Any CPU
		{F6F8189B-8044-4D3A-85B6-B8537C38C6EB}.Debug|x86.Build.0 = Debug|Any CPU
		{F6F8189B-8044-4D3A-85B6-B8537C38C6EB}.Release|Any CPU.ActiveCfg = Release|Any CPU
		{F6F8189B-8044-4D3A-85B6-B8537C38C6EB}.Release|Any CPU.Build.0 = Release|Any CPU
		{F6F8189B-8044-4D3A-85B6-B8537C38C6EB}.Release|ARM.ActiveCfg = Release|Any CPU
		{F6F8189B-8044-4D3A-85B6-B8537C38C6EB}.Release|ARM.Build.0 = Release|Any CPU
		{F6F8189B-8044-4D3A-85B6-B8537C38C6EB}.Release|iPhone.ActiveCfg = Release|Any CPU
		{F6F8189B-8044-4D3A-85B6-B8537C38C6EB}.Release|iPhone.Build.0 = Release|Any CPU
		{F6F8189B-8044-4D3A-85B6-B8537C38C6EB}.Release|iPhoneSimulator.ActiveCfg = Release|Any CPU
		{F6F8189B-8044-4D3A-85B6-B8537C38C6EB}.Release|iPhoneSimulator.Build.0 = Release|Any CPU
		{F6F8189B-8044-4D3A-85B6-B8537C38C6EB}.Release|x64.ActiveCfg = Release|Any CPU
		{F6F8189B-8044-4D3A-85B6-B8537C38C6EB}.Release|x64.Build.0 = Release|Any CPU
		{F6F8189B-8044-4D3A-85B6-B8537C38C6EB}.Release|x86.ActiveCfg = Release|Any CPU
		{F6F8189B-8044-4D3A-85B6-B8537C38C6EB}.Release|x86.Build.0 = Release|Any CPU
		{5BB07E0A-CA38-4E3F-8567-1B0EC6E4F3AE}.Debug|Any CPU.ActiveCfg = Debug|Any CPU
		{5BB07E0A-CA38-4E3F-8567-1B0EC6E4F3AE}.Debug|Any CPU.Build.0 = Debug|Any CPU
		{5BB07E0A-CA38-4E3F-8567-1B0EC6E4F3AE}.Debug|ARM.ActiveCfg = Debug|Any CPU
		{5BB07E0A-CA38-4E3F-8567-1B0EC6E4F3AE}.Debug|ARM.Build.0 = Debug|Any CPU
		{5BB07E0A-CA38-4E3F-8567-1B0EC6E4F3AE}.Debug|iPhone.ActiveCfg = Debug|Any CPU
		{5BB07E0A-CA38-4E3F-8567-1B0EC6E4F3AE}.Debug|iPhone.Build.0 = Debug|Any CPU
		{5BB07E0A-CA38-4E3F-8567-1B0EC6E4F3AE}.Debug|iPhoneSimulator.ActiveCfg = Debug|Any CPU
		{5BB07E0A-CA38-4E3F-8567-1B0EC6E4F3AE}.Debug|iPhoneSimulator.Build.0 = Debug|Any CPU
		{5BB07E0A-CA38-4E3F-8567-1B0EC6E4F3AE}.Debug|x64.ActiveCfg = Debug|Any CPU
		{5BB07E0A-CA38-4E3F-8567-1B0EC6E4F3AE}.Debug|x64.Build.0 = Debug|Any CPU
		{5BB07E0A-CA38-4E3F-8567-1B0EC6E4F3AE}.Debug|x86.ActiveCfg = Debug|Any CPU
		{5BB07E0A-CA38-4E3F-8567-1B0EC6E4F3AE}.Debug|x86.Build.0 = Debug|Any CPU
		{5BB07E0A-CA38-4E3F-8567-1B0EC6E4F3AE}.Release|Any CPU.ActiveCfg = Release|Any CPU
		{5BB07E0A-CA38-4E3F-8567-1B0EC6E4F3AE}.Release|Any CPU.Build.0 = Release|Any CPU
		{5BB07E0A-CA38-4E3F-8567-1B0EC6E4F3AE}.Release|ARM.ActiveCfg = Release|Any CPU
		{5BB07E0A-CA38-4E3F-8567-1B0EC6E4F3AE}.Release|ARM.Build.0 = Release|Any CPU
		{5BB07E0A-CA38-4E3F-8567-1B0EC6E4F3AE}.Release|iPhone.ActiveCfg = Release|Any CPU
		{5BB07E0A-CA38-4E3F-8567-1B0EC6E4F3AE}.Release|iPhone.Build.0 = Release|Any CPU
		{5BB07E0A-CA38-4E3F-8567-1B0EC6E4F3AE}.Release|iPhoneSimulator.ActiveCfg = Release|Any CPU
		{5BB07E0A-CA38-4E3F-8567-1B0EC6E4F3AE}.Release|iPhoneSimulator.Build.0 = Release|Any CPU
		{5BB07E0A-CA38-4E3F-8567-1B0EC6E4F3AE}.Release|x64.ActiveCfg = Release|Any CPU
		{5BB07E0A-CA38-4E3F-8567-1B0EC6E4F3AE}.Release|x64.Build.0 = Release|Any CPU
		{5BB07E0A-CA38-4E3F-8567-1B0EC6E4F3AE}.Release|x86.ActiveCfg = Release|Any CPU
		{5BB07E0A-CA38-4E3F-8567-1B0EC6E4F3AE}.Release|x86.Build.0 = Release|Any CPU
		{8D8B85B4-6F23-49B6-A188-91BBBBF51EF6}.Debug|Any CPU.ActiveCfg = Debug|Any CPU
		{8D8B85B4-6F23-49B6-A188-91BBBBF51EF6}.Debug|Any CPU.Build.0 = Debug|Any CPU
		{8D8B85B4-6F23-49B6-A188-91BBBBF51EF6}.Debug|ARM.ActiveCfg = Debug|Any CPU
		{8D8B85B4-6F23-49B6-A188-91BBBBF51EF6}.Debug|ARM.Build.0 = Debug|Any CPU
		{8D8B85B4-6F23-49B6-A188-91BBBBF51EF6}.Debug|iPhone.ActiveCfg = Debug|Any CPU
		{8D8B85B4-6F23-49B6-A188-91BBBBF51EF6}.Debug|iPhone.Build.0 = Debug|Any CPU
		{8D8B85B4-6F23-49B6-A188-91BBBBF51EF6}.Debug|iPhoneSimulator.ActiveCfg = Debug|Any CPU
		{8D8B85B4-6F23-49B6-A188-91BBBBF51EF6}.Debug|iPhoneSimulator.Build.0 = Debug|Any CPU
		{8D8B85B4-6F23-49B6-A188-91BBBBF51EF6}.Debug|x64.ActiveCfg = Debug|Any CPU
		{8D8B85B4-6F23-49B6-A188-91BBBBF51EF6}.Debug|x64.Build.0 = Debug|Any CPU
		{8D8B85B4-6F23-49B6-A188-91BBBBF51EF6}.Debug|x86.ActiveCfg = Debug|Any CPU
		{8D8B85B4-6F23-49B6-A188-91BBBBF51EF6}.Debug|x86.Build.0 = Debug|Any CPU
		{8D8B85B4-6F23-49B6-A188-91BBBBF51EF6}.Release|Any CPU.ActiveCfg = Release|Any CPU
		{8D8B85B4-6F23-49B6-A188-91BBBBF51EF6}.Release|Any CPU.Build.0 = Release|Any CPU
		{8D8B85B4-6F23-49B6-A188-91BBBBF51EF6}.Release|ARM.ActiveCfg = Release|Any CPU
		{8D8B85B4-6F23-49B6-A188-91BBBBF51EF6}.Release|ARM.Build.0 = Release|Any CPU
		{8D8B85B4-6F23-49B6-A188-91BBBBF51EF6}.Release|iPhone.ActiveCfg = Release|Any CPU
		{8D8B85B4-6F23-49B6-A188-91BBBBF51EF6}.Release|iPhone.Build.0 = Release|Any CPU
		{8D8B85B4-6F23-49B6-A188-91BBBBF51EF6}.Release|iPhoneSimulator.ActiveCfg = Release|Any CPU
		{8D8B85B4-6F23-49B6-A188-91BBBBF51EF6}.Release|iPhoneSimulator.Build.0 = Release|Any CPU
		{8D8B85B4-6F23-49B6-A188-91BBBBF51EF6}.Release|x64.ActiveCfg = Release|Any CPU
		{8D8B85B4-6F23-49B6-A188-91BBBBF51EF6}.Release|x64.Build.0 = Release|Any CPU
		{8D8B85B4-6F23-49B6-A188-91BBBBF51EF6}.Release|x86.ActiveCfg = Release|Any CPU
		{8D8B85B4-6F23-49B6-A188-91BBBBF51EF6}.Release|x86.Build.0 = Release|Any CPU
	EndGlobalSection
	GlobalSection(SolutionProperties) = preSolution
		HideSolutionNode = FALSE
	EndGlobalSection
	GlobalSection(ExtensibilityGlobals) = postSolution
		SolutionGuid = {9834241B-8173-442E-8FCF-36B02DCD136C}
	EndGlobalSection
	GlobalSection(MonoDevelopProperties) = preSolution
		Policies = $0
		$0.DotNetNamingPolicy = $1
		$1.DirectoryNamespaceAssociation = PrefixedHierarchical
		$0.TextStylePolicy = $17
	EndGlobalSection
EndGlobal
