Microsoft Visual Studio Solution File, Format Version 12.00
# Visual Studio 15
VisualStudioVersion = 15.0.27130.2027
MinimumVisualStudioVersion = 10.0.40219.1
Project("{FAE04EC0-301F-11D3-BF4B-00C04F79EFBC}") = "PanCardViewSample", "PanCardViewSample\PanCardViewSample.csproj", "{38EB6700-89D2-4DB8-978E-20AFEF8766A9}"
EndProject
Project("{FAE04EC0-301F-11D3-BF4B-00C04F79EFBC}") = "PanCardViewSample.iOS", "iOS\PanCardViewSample.iOS.csproj", "{FF9DDA8B-0FDD-48BC-8B8D-E1A2CE4F1F60}"
EndProject
Project("{FAE04EC0-301F-11D3-BF4B-00C04F79EFBC}") = "PanCardViewSample.Droid", "Droid\PanCardViewSample.Droid.csproj", "{085CD104-EC22-43A7-A79F-78FC9FE58DEF}"
EndProject
Project("{FAE04EC0-301F-11D3-BF4B-00C04F79EFBC}") = "PanCardView", "..\PanCardView\PanCardView.csproj", "{662BF768-43C5-4A71-8F1E-7FA54DD6157A}"
EndProject
Project("{FAE04EC0-301F-11D3-BF4B-00C04F79EFBC}") = "PanCardView.Droid", "..\PanCardView.Droid\PanCardView.Droid.csproj", "{47A15982-1485-4E70-8440-84EFBA28C584}"
EndProject
Project("{FAE04EC0-301F-11D3-BF4B-00C04F79EFBC}") = "PanCardViewSample.UWP", "UWP\PanCardViewSample.UWP.csproj", "{36DB8471-585A-479E-B232-F258DF93DD8C}"
EndProject
Global
	GlobalSection(SolutionConfigurationPlatforms) = preSolution
		Debug|Any CPU = Debug|Any CPU
		Debug|ARM = Debug|ARM
		Debug|iPhone = Debug|iPhone
		Debug|iPhoneSimulator = Debug|iPhoneSimulator
		Debug|x64 = Debug|x64
		Debug|x86 = Debug|x86
		Release|Any CPU = Release|Any CPU
		Release|ARM = Release|ARM
		Release|iPhone = Release|iPhone
		Release|iPhoneSimulator = Release|iPhoneSimulator
		Release|x64 = Release|x64
		Release|x86 = Release|x86
	EndGlobalSection
	GlobalSection(ProjectConfigurationPlatforms) = postSolution
		{38EB6700-89D2-4DB8-978E-20AFEF8766A9}.Debug|Any CPU.ActiveCfg = Debug|Any CPU
		{38EB6700-89D2-4DB8-978E-20AFEF8766A9}.Debug|Any CPU.Build.0 = Debug|Any CPU
		{38EB6700-89D2-4DB8-978E-20AFEF8766A9}.Debug|ARM.ActiveCfg = Debug|Any CPU
		{38EB6700-89D2-4DB8-978E-20AFEF8766A9}.Debug|ARM.Build.0 = Debug|Any CPU
		{38EB6700-89D2-4DB8-978E-20AFEF8766A9}.Debug|iPhone.ActiveCfg = Debug|Any CPU
		{38EB6700-89D2-4DB8-978E-20AFEF8766A9}.Debug|iPhone.Build.0 = Debug|Any CPU
		{38EB6700-89D2-4DB8-978E-20AFEF8766A9}.Debug|iPhoneSimulator.ActiveCfg = Debug|Any CPU
		{38EB6700-89D2-4DB8-978E-20AFEF8766A9}.Debug|iPhoneSimulator.Build.0 = Debug|Any CPU
		{38EB6700-89D2-4DB8-978E-20AFEF8766A9}.Debug|x64.ActiveCfg = Debug|Any CPU
		{38EB6700-89D2-4DB8-978E-20AFEF8766A9}.Debug|x64.Build.0 = Debug|Any CPU
		{38EB6700-89D2-4DB8-978E-20AFEF8766A9}.Debug|x86.ActiveCfg = Debug|Any CPU
		{38EB6700-89D2-4DB8-978E-20AFEF8766A9}.Debug|x86.Build.0 = Debug|Any CPU
		{38EB6700-89D2-4DB8-978E-20AFEF8766A9}.Release|Any CPU.ActiveCfg = Release|Any CPU
		{38EB6700-89D2-4DB8-978E-20AFEF8766A9}.Release|Any CPU.Build.0 = Release|Any CPU
		{38EB6700-89D2-4DB8-978E-20AFEF8766A9}.Release|ARM.ActiveCfg = Release|Any CPU
		{38EB6700-89D2-4DB8-978E-20AFEF8766A9}.Release|ARM.Build.0 = Release|Any CPU
		{38EB6700-89D2-4DB8-978E-20AFEF8766A9}.Release|iPhone.ActiveCfg = Release|Any CPU
		{38EB6700-89D2-4DB8-978E-20AFEF8766A9}.Release|iPhone.Build.0 = Release|Any CPU
		{38EB6700-89D2-4DB8-978E-20AFEF8766A9}.Release|iPhoneSimulator.ActiveCfg = Release|Any CPU
		{38EB6700-89D2-4DB8-978E-20AFEF8766A9}.Release|iPhoneSimulator.Build.0 = Release|Any CPU
		{38EB6700-89D2-4DB8-978E-20AFEF8766A9}.Release|x64.ActiveCfg = Release|Any CPU
		{38EB6700-89D2-4DB8-978E-20AFEF8766A9}.Release|x64.Build.0 = Release|Any CPU
		{38EB6700-89D2-4DB8-978E-20AFEF8766A9}.Release|x86.ActiveCfg = Release|Any CPU
		{38EB6700-89D2-4DB8-978E-20AFEF8766A9}.Release|x86.Build.0 = Release|Any CPU
		{FF9DDA8B-0FDD-48BC-8B8D-E1A2CE4F1F60}.Debug|Any CPU.ActiveCfg = Debug|iPhoneSimulator
		{FF9DDA8B-0FDD-48BC-8B8D-E1A2CE4F1F60}.Debug|Any CPU.Build.0 = Debug|iPhoneSimulator
		{FF9DDA8B-0FDD-48BC-8B8D-E1A2CE4F1F60}.Debug|ARM.ActiveCfg = Debug|iPhone
		{FF9DDA8B-0FDD-48BC-8B8D-E1A2CE4F1F60}.Debug|iPhone.ActiveCfg = Debug|iPhone
		{FF9DDA8B-0FDD-48BC-8B8D-E1A2CE4F1F60}.Debug|iPhone.Build.0 = Debug|iPhone
		{FF9DDA8B-0FDD-48BC-8B8D-E1A2CE4F1F60}.Debug|iPhoneSimulator.ActiveCfg = Debug|iPhoneSimulator
		{FF9DDA8B-0FDD-48BC-8B8D-E1A2CE4F1F60}.Debug|iPhoneSimulator.Build.0 = Debug|iPhoneSimulator
		{FF9DDA8B-0FDD-48BC-8B8D-E1A2CE4F1F60}.Debug|x64.ActiveCfg = Debug|iPhone
		{FF9DDA8B-0FDD-48BC-8B8D-E1A2CE4F1F60}.Debug|x86.ActiveCfg = Debug|iPhone
		{FF9DDA8B-0FDD-48BC-8B8D-E1A2CE4F1F60}.Release|Any CPU.ActiveCfg = Release|iPhone
		{FF9DDA8B-0FDD-48BC-8B8D-E1A2CE4F1F60}.Release|Any CPU.Build.0 = Release|iPhone
		{FF9DDA8B-0FDD-48BC-8B8D-E1A2CE4F1F60}.Release|ARM.ActiveCfg = Release|iPhoneSimulator
		{FF9DDA8B-0FDD-48BC-8B8D-E1A2CE4F1F60}.Release|iPhone.ActiveCfg = Release|iPhone
		{FF9DDA8B-0FDD-48BC-8B8D-E1A2CE4F1F60}.Release|iPhone.Build.0 = Release|iPhone
		{FF9DDA8B-0FDD-48BC-8B8D-E1A2CE4F1F60}.Release|iPhoneSimulator.ActiveCfg = Release|iPhoneSimulator
		{FF9DDA8B-0FDD-48BC-8B8D-E1A2CE4F1F60}.Release|iPhoneSimulator.Build.0 = Release|iPhoneSimulator
		{FF9DDA8B-0FDD-48BC-8B8D-E1A2CE4F1F60}.Release|x64.ActiveCfg = Release|iPhoneSimulator
		{FF9DDA8B-0FDD-48BC-8B8D-E1A2CE4F1F60}.Release|x86.ActiveCfg = Release|iPhoneSimulator
		{085CD104-EC22-43A7-A79F-78FC9FE58DEF}.Debug|Any CPU.ActiveCfg = Debug|Any CPU
		{085CD104-EC22-43A7-A79F-78FC9FE58DEF}.Debug|Any CPU.Build.0 = Debug|Any CPU
		{085CD104-EC22-43A7-A79F-78FC9FE58DEF}.Debug|ARM.ActiveCfg = Debug|Any CPU
		{085CD104-EC22-43A7-A79F-78FC9FE58DEF}.Debug|ARM.Build.0 = Debug|Any CPU
		{085CD104-EC22-43A7-A79F-78FC9FE58DEF}.Debug|ARM.Deploy.0 = Debug|Any CPU
		{085CD104-EC22-43A7-A79F-78FC9FE58DEF}.Debug|iPhone.ActiveCfg = Debug|Any CPU
		{085CD104-EC22-43A7-A79F-78FC9FE58DEF}.Debug|iPhone.Build.0 = Debug|Any CPU
		{085CD104-EC22-43A7-A79F-78FC9FE58DEF}.Debug|iPhoneSimulator.ActiveCfg = Debug|Any CPU
		{085CD104-EC22-43A7-A79F-78FC9FE58DEF}.Debug|iPhoneSimulator.Build.0 = Debug|Any CPU
		{085CD104-EC22-43A7-A79F-78FC9FE58DEF}.Debug|x64.ActiveCfg = Debug|Any CPU
		{085CD104-EC22-43A7-A79F-78FC9FE58DEF}.Debug|x64.Build.0 = Debug|Any CPU
		{085CD104-EC22-43A7-A79F-78FC9FE58DEF}.Debug|x64.Deploy.0 = Debug|Any CPU
		{085CD104-EC22-43A7-A79F-78FC9FE58DEF}.Debug|x86.ActiveCfg = Debug|Any CPU
		{085CD104-EC22-43A7-A79F-78FC9FE58DEF}.Debug|x86.Build.0 = Debug|Any CPU
		{085CD104-EC22-43A7-A79F-78FC9FE58DEF}.Debug|x86.Deploy.0 = Debug|Any CPU
		{085CD104-EC22-43A7-A79F-78FC9FE58DEF}.Release|Any CPU.ActiveCfg = Release|Any CPU
		{085CD104-EC22-43A7-A79F-78FC9FE58DEF}.Release|Any CPU.Build.0 = Release|Any CPU
		{085CD104-EC22-43A7-A79F-78FC9FE58DEF}.Release|ARM.ActiveCfg = Release|Any CPU
		{085CD104-EC22-43A7-A79F-78FC9FE58DEF}.Release|ARM.Build.0 = Release|Any CPU
		{085CD104-EC22-43A7-A79F-78FC9FE58DEF}.Release|ARM.Deploy.0 = Release|Any CPU
		{085CD104-EC22-43A7-A79F-78FC9FE58DEF}.Release|iPhone.ActiveCfg = Release|Any CPU
		{085CD104-EC22-43A7-A79F-78FC9FE58DEF}.Release|iPhone.Build.0 = Release|Any CPU
		{085CD104-EC22-43A7-A79F-78FC9FE58DEF}.Release|iPhoneSimulator.ActiveCfg = Release|Any CPU
		{085CD104-EC22-43A7-A79F-78FC9FE58DEF}.Release|iPhoneSimulator.Build.0 = Release|Any CPU
		{085CD104-EC22-43A7-A79F-78FC9FE58DEF}.Release|x64.ActiveCfg = Release|Any CPU
		{085CD104-EC22-43A7-A79F-78FC9FE58DEF}.Release|x64.Build.0 = Release|Any CPU
		{085CD104-EC22-43A7-A79F-78FC9FE58DEF}.Release|x64.Deploy.0 = Release|Any CPU
		{085CD104-EC22-43A7-A79F-78FC9FE58DEF}.Release|x86.ActiveCfg = Release|Any CPU
		{085CD104-EC22-43A7-A79F-78FC9FE58DEF}.Release|x86.Build.0 = Release|Any CPU
		{085CD104-EC22-43A7-A79F-78FC9FE58DEF}.Release|x86.Deploy.0 = Release|Any CPU
		{662BF768-43C5-4A71-8F1E-7FA54DD6157A}.Debug|Any CPU.ActiveCfg = Debug|Any CPU
		{662BF768-43C5-4A71-8F1E-7FA54DD6157A}.Debug|Any CPU.Build.0 = Debug|Any CPU
		{662BF768-43C5-4A71-8F1E-7FA54DD6157A}.Debug|ARM.ActiveCfg = Debug|Any CPU
		{662BF768-43C5-4A71-8F1E-7FA54DD6157A}.Debug|ARM.Build.0 = Debug|Any CPU
		{662BF768-43C5-4A71-8F1E-7FA54DD6157A}.Debug|iPhone.ActiveCfg = Debug|Any CPU
		{662BF768-43C5-4A71-8F1E-7FA54DD6157A}.Debug|iPhone.Build.0 = Debug|Any CPU
		{662BF768-43C5-4A71-8F1E-7FA54DD6157A}.Debug|iPhoneSimulator.ActiveCfg = Debug|Any CPU
		{662BF768-43C5-4A71-8F1E-7FA54DD6157A}.Debug|iPhoneSimulator.Build.0 = Debug|Any CPU
		{662BF768-43C5-4A71-8F1E-7FA54DD6157A}.Debug|x64.ActiveCfg = Debug|Any CPU
		{662BF768-43C5-4A71-8F1E-7FA54DD6157A}.Debug|x64.Build.0 = Debug|Any CPU
		{662BF768-43C5-4A71-8F1E-7FA54DD6157A}.Debug|x86.ActiveCfg = Debug|Any CPU
		{662BF768-43C5-4A71-8F1E-7FA54DD6157A}.Debug|x86.Build.0 = Debug|Any CPU
		{662BF768-43C5-4A71-8F1E-7FA54DD6157A}.Release|Any CPU.ActiveCfg = Release|Any CPU
		{662BF768-43C5-4A71-8F1E-7FA54DD6157A}.Release|Any CPU.Build.0 = Release|Any CPU
		{662BF768-43C5-4A71-8F1E-7FA54DD6157A}.Release|ARM.ActiveCfg = Release|Any CPU
		{662BF768-43C5-4A71-8F1E-7FA54DD6157A}.Release|ARM.Build.0 = Release|Any CPU
		{662BF768-43C5-4A71-8F1E-7FA54DD6157A}.Release|iPhone.ActiveCfg = Release|Any CPU
		{662BF768-43C5-4A71-8F1E-7FA54DD6157A}.Release|iPhone.Build.0 = Release|Any CPU
		{662BF768-43C5-4A71-8F1E-7FA54DD6157A}.Release|iPhoneSimulator.ActiveCfg = Release|Any CPU
		{662BF768-43C5-4A71-8F1E-7FA54DD6157A}.Release|iPhoneSimulator.Build.0 = Release|Any CPU
		{662BF768-43C5-4A71-8F1E-7FA54DD6157A}.Release|x64.ActiveCfg = Release|Any CPU
		{662BF768-43C5-4A71-8F1E-7FA54DD6157A}.Release|x64.Build.0 = Release|Any CPU
		{662BF768-43C5-4A71-8F1E-7FA54DD6157A}.Release|x86.ActiveCfg = Release|Any CPU
		{662BF768-43C5-4A71-8F1E-7FA54DD6157A}.Release|x86.Build.0 = Release|Any CPU
		{47A15982-1485-4E70-8440-84EFBA28C584}.Debug|Any CPU.ActiveCfg = Debug|Any CPU
		{47A15982-1485-4E70-8440-84EFBA28C584}.Debug|Any CPU.Build.0 = Debug|Any CPU
		{47A15982-1485-4E70-8440-84EFBA28C584}.Debug|ARM.ActiveCfg = Debug|Any CPU
		{47A15982-1485-4E70-8440-84EFBA28C584}.Debug|ARM.Build.0 = Debug|Any CPU
		{47A15982-1485-4E70-8440-84EFBA28C584}.Debug|iPhone.ActiveCfg = Debug|Any CPU
		{47A15982-1485-4E70-8440-84EFBA28C584}.Debug|iPhone.Build.0 = Debug|Any CPU
		{47A15982-1485-4E70-8440-84EFBA28C584}.Debug|iPhoneSimulator.ActiveCfg = Debug|Any CPU
		{47A15982-1485-4E70-8440-84EFBA28C584}.Debug|iPhoneSimulator.Build.0 = Debug|Any CPU
		{47A15982-1485-4E70-8440-84EFBA28C584}.Debug|x64.ActiveCfg = Debug|Any CPU
		{47A15982-1485-4E70-8440-84EFBA28C584}.Debug|x64.Build.0 = Debug|Any CPU
		{47A15982-1485-4E70-8440-84EFBA28C584}.Debug|x86.ActiveCfg = Debug|Any CPU
		{47A15982-1485-4E70-8440-84EFBA28C584}.Debug|x86.Build.0 = Debug|Any CPU
		{47A15982-1485-4E70-8440-84EFBA28C584}.Release|Any CPU.ActiveCfg = Release|Any CPU
		{47A15982-1485-4E70-8440-84EFBA28C584}.Release|Any CPU.Build.0 = Release|Any CPU
		{47A15982-1485-4E70-8440-84EFBA28C584}.Release|ARM.ActiveCfg = Release|Any CPU
		{47A15982-1485-4E70-8440-84EFBA28C584}.Release|ARM.Build.0 = Release|Any CPU
		{47A15982-1485-4E70-8440-84EFBA28C584}.Release|iPhone.ActiveCfg = Release|Any CPU
		{47A15982-1485-4E70-8440-84EFBA28C584}.Release|iPhone.Build.0 = Release|Any CPU
		{47A15982-1485-4E70-8440-84EFBA28C584}.Release|iPhoneSimulator.ActiveCfg = Release|Any CPU
		{47A15982-1485-4E70-8440-84EFBA28C584}.Release|iPhoneSimulator.Build.0 = Release|Any CPU
		{47A15982-1485-4E70-8440-84EFBA28C584}.Release|x64.ActiveCfg = Release|Any CPU
		{47A15982-1485-4E70-8440-84EFBA28C584}.Release|x64.Build.0 = Release|Any CPU
		{47A15982-1485-4E70-8440-84EFBA28C584}.Release|x86.ActiveCfg = Release|Any CPU
		{47A15982-1485-4E70-8440-84EFBA28C584}.Release|x86.Build.0 = Release|Any CPU
		{36DB8471-585A-479E-B232-F258DF93DD8C}.Debug|Any CPU.ActiveCfg = Debug|x64
		{36DB8471-585A-479E-B232-F258DF93DD8C}.Debug|Any CPU.Build.0 = Debug|x64
		{36DB8471-585A-479E-B232-F258DF93DD8C}.Debug|Any CPU.Deploy.0 = Debug|x64
		{36DB8471-585A-479E-B232-F258DF93DD8C}.Debug|ARM.ActiveCfg = Debug|ARM
		{36DB8471-585A-479E-B232-F258DF93DD8C}.Debug|ARM.Build.0 = Debug|ARM
		{36DB8471-585A-479E-B232-F258DF93DD8C}.Debug|ARM.Deploy.0 = Debug|ARM
		{36DB8471-585A-479E-B232-F258DF93DD8C}.Debug|iPhone.ActiveCfg = Debug|x86
		{36DB8471-585A-479E-B232-F258DF93DD8C}.Debug|iPhoneSimulator.ActiveCfg = Debug|x86
		{36DB8471-585A-479E-B232-F258DF93DD8C}.Debug|x64.ActiveCfg = Debug|x64
		{36DB8471-585A-479E-B232-F258DF93DD8C}.Debug|x64.Build.0 = Debug|x64
		{36DB8471-585A-479E-B232-F258DF93DD8C}.Debug|x64.Deploy.0 = Debug|x64
		{36DB8471-585A-479E-B232-F258DF93DD8C}.Debug|x86.ActiveCfg = Debug|x86
		{36DB8471-585A-479E-B232-F258DF93DD8C}.Debug|x86.Build.0 = Debug|x86
		{36DB8471-585A-479E-B232-F258DF93DD8C}.Debug|x86.Deploy.0 = Debug|x86
		{36DB8471-585A-479E-B232-F258DF93DD8C}.Release|Any CPU.ActiveCfg = Release|x86
		{36DB8471-585A-479E-B232-F258DF93DD8C}.Release|ARM.ActiveCfg = Release|ARM
		{36DB8471-585A-479E-B232-F258DF93DD8C}.Release|ARM.Build.0 = Release|ARM
		{36DB8471-585A-479E-B232-F258DF93DD8C}.Release|ARM.Deploy.0 = Release|ARM
		{36DB8471-585A-479E-B232-F258DF93DD8C}.Release|iPhone.ActiveCfg = Release|x86
		{36DB8471-585A-479E-B232-F258DF93DD8C}.Release|iPhoneSimulator.ActiveCfg = Release|x86
		{36DB8471-585A-479E-B232-F258DF93DD8C}.Release|x64.ActiveCfg = Release|x64
		{36DB8471-585A-479E-B232-F258DF93DD8C}.Release|x64.Build.0 = Release|x64
		{36DB8471-585A-479E-B232-F258DF93DD8C}.Release|x64.Deploy.0 = Release|x64
		{36DB8471-585A-479E-B232-F258DF93DD8C}.Release|x86.ActiveCfg = Release|x86
		{36DB8471-585A-479E-B232-F258DF93DD8C}.Release|x86.Build.0 = Release|x86
		{36DB8471-585A-479E-B232-F258DF93DD8C}.Release|x86.Deploy.0 = Release|x86
	EndGlobalSection
	GlobalSection(SolutionProperties) = preSolution
		HideSolutionNode = FALSE
	EndGlobalSection
	GlobalSection(ExtensibilityGlobals) = postSolution
		SolutionGuid = {9834241B-8173-442E-8FCF-36B02DCD136C}
	EndGlobalSection
EndGlobal
